{
  "name": "movie-file-ratings",
  "version": "0.0.1",
  "lockfileVersion": 1,
  "requires": true,
  "dependencies": {
    "parse-torrent-name": {
      "version": "0.5.4",
      "resolved": "https://registry.npmjs.org/parse-torrent-name/-/parse-torrent-name-0.5.4.tgz",
      "integrity": "sha1-xtiKYSY7Z0yoLmVRwNMMal+4qsQ="
    }
  }
}
